
Microsoft Visual Studio Solution File, Format Version 12.00
# Visual Studio Version 17
VisualStudioVersion = 17.3.32901.215
MinimumVisualStudioVersion = 10.0.40219.1
Project("{FAE04EC0-301F-11D3-BF4B-00C04F79EFBC}") = "Dz1 3", "Dz1 3.csproj", "{0F7BCF2A-2D50-4BBB-89F9-7946F2C12EB3}"
EndProject
Global
	GlobalSection(SolutionConfigurationPlatforms) = preSolution
		Debug|Any CPU = Debug|Any CPU
		Release|Any CPU = Release|Any CPU
	EndGlobalSection
	GlobalSection(ProjectConfigurationPlatforms) = postSolution
		{0F7BCF2A-2D50-4BBB-89F9-7946F2C12EB3}.Debug|Any CPU.ActiveCfg = Debug|Any CPU
		{0F7BCF2A-2D50-4BBB-89F9-7946F2C12EB3}.Debug|Any CPU.Build.0 = Debug|Any CPU
		{0F7BCF2A-2D50-4BBB-89F9-7946F2C12EB3}.Release|Any CPU.ActiveCfg = Release|Any CPU
		{0F7BCF2A-2D50-4BBB-89F9-7946F2C12EB3}.Release|Any CPU.Build.0 = Release|Any CPU
	EndGlobalSection
	GlobalSection(SolutionProperties) = preSolution
		HideSolutionNode = FALSE
	EndGlobalSection
	GlobalSection(ExtensibilityGlobals) = postSolution
		SolutionGuid = {E18AA9ED-AAC8-447F-81BC-CD7AB21B86FB}
	EndGlobalSection
EndGlobal
